
Microsoft Visual Studio Solution File, Format Version 12.00
# Visual Studio Version 17
VisualStudioVersion = 17.7.34031.279
MinimumVisualStudioVersion = 10.0.40219.1
Project("{FAE04EC0-301F-11D3-BF4B-00C04F79EFBC}") = "Homework10.8", "Homework10.8\Homework10.8.csproj", "{B6345A3C-D669-4F35-A837-89C397906AE5}"
EndProject
Global
	GlobalSection(SolutionConfigurationPlatforms) = preSolution
		Debug|Any CPU = Debug|Any CPU
		Release|Any CPU = Release|Any CPU
	EndGlobalSection
	GlobalSection(ProjectConfigurationPlatforms) = postSolution
		{B6345A3C-D669-4F35-A837-89C397906AE5}.Debug|Any CPU.ActiveCfg = Debug|Any CPU
		{B6345A3C-D669-4F35-A837-89C397906AE5}.Debug|Any CPU.Build.0 = Debug|Any CPU
		{B6345A3C-D669-4F35-A837-89C397906AE5}.Release|Any CPU.ActiveCfg = Release|Any CPU
		{B6345A3C-D669-4F35-A837-89C397906AE5}.Release|Any CPU.Build.0 = Release|Any CPU
	EndGlobalSection
	GlobalSection(SolutionProperties) = preSolution
		HideSolutionNode = FALSE
	EndGlobalSection
	GlobalSection(ExtensibilityGlobals) = postSolution
		SolutionGuid = {2E7AF7D0-6DA0-4037-9B9B-ACE260249A21}
	EndGlobalSection
EndGlobal
